
Microsoft Visual Studio Solution File, Format Version 12.00
# Visual Studio Version 17
VisualStudioVersion = 17.9.34728.123
MinimumVisualStudioVersion = 10.0.40219.1
Project("{9A19103F-16F7-4668-BE54-9A1E7A4F7556}") = "NPCTokens", "NPCTokens\NPCTokens.csproj", "{6298C6DE-02C2-441D-8B26-E098F50FA6CE}"
EndProject
Global
	GlobalSection(SolutionConfigurationPlatforms) = preSolution
		Debug|Any CPU = Debug|Any CPU
		Release|Any CPU = Release|Any CPU
	EndGlobalSection
	GlobalSection(ProjectConfigurationPlatforms) = postSolution
		{6298C6DE-02C2-441D-8B26-E098F50FA6CE}.Debug|Any CPU.ActiveCfg = Debug|Any CPU
		{6298C6DE-02C2-441D-8B26-E098F50FA6CE}.Debug|Any CPU.Build.0 = Debug|Any CPU
		{6298C6DE-02C2-441D-8B26-E098F50FA6CE}.Release|Any CPU.ActiveCfg = Release|Any CPU
		{6298C6DE-02C2-441D-8B26-E098F50FA6CE}.Release|Any CPU.Build.0 = Release|Any CPU
	EndGlobalSection
	GlobalSection(SolutionProperties) = preSolution
		HideSolutionNode = FALSE
	EndGlobalSection
	GlobalSection(ExtensibilityGlobals) = postSolution
		SolutionGuid = {58521A85-0FC2-4A4C-AC76-689B767A3811}
	EndGlobalSection
EndGlobal
